
Microsoft Visual Studio Solution File, Format Version 12.00
Project("{FAE04EC0-301F-11D3-BF4B-00C04F79EFBC}") = "Philosophers", "Philosophers\Philosophers.csproj", "{99B34830-6081-4A23-B223-05AFF839B46C}"
EndProject
Global
	GlobalSection(SolutionConfigurationPlatforms) = preSolution
		Debug|Any CPU = Debug|Any CPU
		Release|Any CPU = Release|Any CPU
	EndGlobalSection
	GlobalSection(ProjectConfigurationPlatforms) = postSolution
		{99B34830-6081-4A23-B223-05AFF839B46C}.Debug|Any CPU.ActiveCfg = Debug|Any CPU
		{99B34830-6081-4A23-B223-05AFF839B46C}.Debug|Any CPU.Build.0 = Debug|Any CPU
		{99B34830-6081-4A23-B223-05AFF839B46C}.Release|Any CPU.ActiveCfg = Release|Any CPU
		{99B34830-6081-4A23-B223-05AFF839B46C}.Release|Any CPU.Build.0 = Release|Any CPU
	EndGlobalSection
EndGlobal
